
Microsoft Visual Studio Solution File, Format Version 12.00
# Visual Studio Version 17
VisualStudioVersion = 17.3.32922.545
MinimumVisualStudioVersion = 10.0.40219.1
Project("{9A19103F-16F7-4668-BE54-9A1E7A4F7556}") = "MHPractice", "MHPractice\MHPractice.csproj", "{167C0475-B061-409F-BC23-EE29195AD38B}"
EndProject
Project("{9A19103F-16F7-4668-BE54-9A1E7A4F7556}") = "MHPracticeTest", "MHPracticeTest\MHPracticeTest.csproj", "{2DF6D4B9-139E-4024-BEF2-4281670CAD52}"
EndProject
Global
	GlobalSection(SolutionConfigurationPlatforms) = preSolution
		Debug|Any CPU = Debug|Any CPU
		Release|Any CPU = Release|Any CPU
	EndGlobalSection
	GlobalSection(ProjectConfigurationPlatforms) = postSolution
		{167C0475-B061-409F-BC23-EE29195AD38B}.Debug|Any CPU.ActiveCfg = Debug|Any CPU
		{167C0475-B061-409F-BC23-EE29195AD38B}.Debug|Any CPU.Build.0 = Debug|Any CPU
		{167C0475-B061-409F-BC23-EE29195AD38B}.Release|Any CPU.ActiveCfg = Release|Any CPU
		{167C0475-B061-409F-BC23-EE29195AD38B}.Release|Any CPU.Build.0 = Release|Any CPU
		{2DF6D4B9-139E-4024-BEF2-4281670CAD52}.Debug|Any CPU.ActiveCfg = Debug|Any CPU
		{2DF6D4B9-139E-4024-BEF2-4281670CAD52}.Debug|Any CPU.Build.0 = Debug|Any CPU
		{2DF6D4B9-139E-4024-BEF2-4281670CAD52}.Release|Any CPU.ActiveCfg = Release|Any CPU
		{2DF6D4B9-139E-4024-BEF2-4281670CAD52}.Release|Any CPU.Build.0 = Release|Any CPU
	EndGlobalSection
	GlobalSection(SolutionProperties) = preSolution
		HideSolutionNode = FALSE
	EndGlobalSection
	GlobalSection(ExtensibilityGlobals) = postSolution
		SolutionGuid = {DE45919D-2C19-49E9-BA18-D2CE9BCB5008}
	EndGlobalSection
EndGlobal
